
Microsoft Visual Studio Solution File, Format Version 12.00
# Visual Studio Version 17
VisualStudioVersion = 17.14.36127.28 d17.14
MinimumVisualStudioVersion = 10.0.40219.1
Project("{FAE04EC0-301F-11D3-BF4B-00C04F79EFBC}") = "homework-10", "homework-10\homework-10.csproj", "{894804B7-EFCD-4B10-B354-171DD257DD9A}"
EndProject
Project("{FAE04EC0-301F-11D3-BF4B-00C04F79EFBC}") = "homwwork-10.2", "homwwork-10.2\homwwork-10.2.csproj", "{00974D0F-4104-48FF-8311-522201E5F562}"
EndProject
Global
	GlobalSection(SolutionConfigurationPlatforms) = preSolution
		Debug|Any CPU = Debug|Any CPU
		Release|Any CPU = Release|Any CPU
	EndGlobalSection
	GlobalSection(ProjectConfigurationPlatforms) = postSolution
		{894804B7-EFCD-4B10-B354-171DD257DD9A}.Debug|Any CPU.ActiveCfg = Debug|Any CPU
		{894804B7-EFCD-4B10-B354-171DD257DD9A}.Debug|Any CPU.Build.0 = Debug|Any CPU
		{894804B7-EFCD-4B10-B354-171DD257DD9A}.Release|Any CPU.ActiveCfg = Release|Any CPU
		{894804B7-EFCD-4B10-B354-171DD257DD9A}.Release|Any CPU.Build.0 = Release|Any CPU
		{00974D0F-4104-48FF-8311-522201E5F562}.Debug|Any CPU.ActiveCfg = Debug|Any CPU
		{00974D0F-4104-48FF-8311-522201E5F562}.Debug|Any CPU.Build.0 = Debug|Any CPU
		{00974D0F-4104-48FF-8311-522201E5F562}.Release|Any CPU.ActiveCfg = Release|Any CPU
		{00974D0F-4104-48FF-8311-522201E5F562}.Release|Any CPU.Build.0 = Release|Any CPU
	EndGlobalSection
	GlobalSection(SolutionProperties) = preSolution
		HideSolutionNode = FALSE
	EndGlobalSection
	GlobalSection(ExtensibilityGlobals) = postSolution
		SolutionGuid = {83BF234B-AAA0-4EC3-9518-5406D028BC70}
	EndGlobalSection
EndGlobal
